
Microsoft Visual Studio Solution File, Format Version 12.00
# Visual Studio Version 17
VisualStudioVersion = 17.14.36908.2
MinimumVisualStudioVersion = 10.0.40219.1
Project("{FAE04EC0-301F-11D3-BF4B-00C04F79EFBC}") = "ReNamer", "ReNamer.csproj", "{FCCB5BB1-2BB0-23B0-57C0-5F5D1B0A8EE1}"
EndProject
Project("{FAE04EC0-301F-11D3-BF4B-00C04F79EFBC}") = "ReNamer.Tests", "..\ReNamer.Tests\ReNamer.Tests.csproj", "{01178E65-057A-4F62-89F0-F48F88264019}"
EndProject
Global
	GlobalSection(SolutionConfigurationPlatforms) = preSolution
		Debug|Any CPU = Debug|Any CPU
		Debug|x64 = Debug|x64
		Debug|x86 = Debug|x86
		Release|Any CPU = Release|Any CPU
		Release|x64 = Release|x64
		Release|x86 = Release|x86
	EndGlobalSection
	GlobalSection(ProjectConfigurationPlatforms) = postSolution
		{FCCB5BB1-2BB0-23B0-57C0-5F5D1B0A8EE1}.Debug|Any CPU.ActiveCfg = Debug|Any CPU
		{FCCB5BB1-2BB0-23B0-57C0-5F5D1B0A8EE1}.Debug|Any CPU.Build.0 = Debug|Any CPU
		{FCCB5BB1-2BB0-23B0-57C0-5F5D1B0A8EE1}.Debug|x64.ActiveCfg = Debug|Any CPU
		{FCCB5BB1-2BB0-23B0-57C0-5F5D1B0A8EE1}.Debug|x64.Build.0 = Debug|Any CPU
		{FCCB5BB1-2BB0-23B0-57C0-5F5D1B0A8EE1}.Debug|x86.ActiveCfg = Debug|Any CPU
		{FCCB5BB1-2BB0-23B0-57C0-5F5D1B0A8EE1}.Debug|x86.Build.0 = Debug|Any CPU
		{FCCB5BB1-2BB0-23B0-57C0-5F5D1B0A8EE1}.Release|Any CPU.ActiveCfg = Release|Any CPU
		{FCCB5BB1-2BB0-23B0-57C0-5F5D1B0A8EE1}.Release|Any CPU.Build.0 = Release|Any CPU
		{FCCB5BB1-2BB0-23B0-57C0-5F5D1B0A8EE1}.Release|x64.ActiveCfg = Release|Any CPU
		{FCCB5BB1-2BB0-23B0-57C0-5F5D1B0A8EE1}.Release|x64.Build.0 = Release|Any CPU
		{FCCB5BB1-2BB0-23B0-57C0-5F5D1B0A8EE1}.Release|x86.ActiveCfg = Release|Any CPU
		{FCCB5BB1-2BB0-23B0-57C0-5F5D1B0A8EE1}.Release|x86.Build.0 = Release|Any CPU
		{01178E65-057A-4F62-89F0-F48F88264019}.Debug|Any CPU.ActiveCfg = Debug|Any CPU
		{01178E65-057A-4F62-89F0-F48F88264019}.Debug|Any CPU.Build.0 = Debug|Any CPU
		{01178E65-057A-4F62-89F0-F48F88264019}.Debug|x64.ActiveCfg = Debug|Any CPU
		{01178E65-057A-4F62-89F0-F48F88264019}.Debug|x64.Build.0 = Debug|Any CPU
		{01178E65-057A-4F62-89F0-F48F88264019}.Debug|x86.ActiveCfg = Debug|Any CPU
		{01178E65-057A-4F62-89F0-F48F88264019}.Debug|x86.Build.0 = Debug|Any CPU
		{01178E65-057A-4F62-89F0-F48F88264019}.Release|Any CPU.ActiveCfg = Release|Any CPU
		{01178E65-057A-4F62-89F0-F48F88264019}.Release|Any CPU.Build.0 = Release|Any CPU
		{01178E65-057A-4F62-89F0-F48F88264019}.Release|x64.ActiveCfg = Release|Any CPU
		{01178E65-057A-4F62-89F0-F48F88264019}.Release|x64.Build.0 = Release|Any CPU
		{01178E65-057A-4F62-89F0-F48F88264019}.Release|x86.ActiveCfg = Release|Any CPU
		{01178E65-057A-4F62-89F0-F48F88264019}.Release|x86.Build.0 = Release|Any CPU
	EndGlobalSection
	GlobalSection(SolutionProperties) = preSolution
		HideSolutionNode = FALSE
	EndGlobalSection
	GlobalSection(ExtensibilityGlobals) = postSolution
		SolutionGuid = {66546FAF-9245-4FDE-A20C-92B974CDB415}
	EndGlobalSection
EndGlobal
